
Microsoft Visual Studio Solution File, Format Version 12.00
# Visual Studio Version 17
VisualStudioVersion = 17.6.33829.357
MinimumVisualStudioVersion = 10.0.40219.1
Project("{FAE04EC0-301F-11D3-BF4B-00C04F79EFBC}") = "SimpleFactoryLibrary", "SimpleFactoryLibrary.csproj", "{EFAB0552-47C6-4DDA-B419-85504A2D6AC4}"
EndProject
Global
	GlobalSection(SolutionConfigurationPlatforms) = preSolution
		Debug|Any CPU = Debug|Any CPU
		Release|Any CPU = Release|Any CPU
	EndGlobalSection
	GlobalSection(ProjectConfigurationPlatforms) = postSolution
		{EFAB0552-47C6-4DDA-B419-85504A2D6AC4}.Debug|Any CPU.ActiveCfg = Debug|Any CPU
		{EFAB0552-47C6-4DDA-B419-85504A2D6AC4}.Debug|Any CPU.Build.0 = Debug|Any CPU
		{EFAB0552-47C6-4DDA-B419-85504A2D6AC4}.Release|Any CPU.ActiveCfg = Release|Any CPU
		{EFAB0552-47C6-4DDA-B419-85504A2D6AC4}.Release|Any CPU.Build.0 = Release|Any CPU
	EndGlobalSection
	GlobalSection(SolutionProperties) = preSolution
		HideSolutionNode = FALSE
	EndGlobalSection
	GlobalSection(ExtensibilityGlobals) = postSolution
		SolutionGuid = {2A142616-FB7D-4D6D-AFFF-E84C72F8A900}
	EndGlobalSection
EndGlobal
